Microsoft Visual Studio Solution File, Format Version 11.00
# Visual Studio 2008

Project("{186B80A3-FB4F-617D-848A-1A85FB073A3C}") = "Etherium", "Assembly-CSharp-firstpass.csproj", "{6FBA8ABA-D9E5-5955-FDD0-88CF45CBED95}"
EndProject
Project("{186B80A3-FB4F-617D-848A-1A85FB073A3C}") = "Etherium", "Assembly-CSharp.csproj", "{4DB2D4AC-2B91-AA3A-BC89-043EF9594357}"
EndProject
Project("{186B80A3-FB4F-617D-848A-1A85FB073A3C}") = "Etherium", "Assembly-UnityScript-firstpass.unityproj", "{A8F0377D-37B2-9FA1-3241-765B21EF159A}"
EndProject
Global
	GlobalSection(SolutionConfigurationPlatforms) = preSolution
		Debug|Any CPU = Debug|Any CPU
		Release|Any CPU = Release|Any CPU
	EndGlobalSection
	GlobalSection(ProjectConfigurationPlatforms) = postSolution
		{6FBA8ABA-D9E5-5955-FDD0-88CF45CBED95}.Debug|Any CPU.ActiveCfg = Debug|Any CPU
		{6FBA8ABA-D9E5-5955-FDD0-88CF45CBED95}.Debug|Any CPU.Build.0 = Debug|Any CPU
		{6FBA8ABA-D9E5-5955-FDD0-88CF45CBED95}.Release|Any CPU.ActiveCfg = Release|Any CPU
		{6FBA8ABA-D9E5-5955-FDD0-88CF45CBED95}.Release|Any CPU.Build.0 = Release|Any CPU
		{4DB2D4AC-2B91-AA3A-BC89-043EF9594357}.Debug|Any CPU.ActiveCfg = Debug|Any CPU
		{4DB2D4AC-2B91-AA3A-BC89-043EF9594357}.Debug|Any CPU.Build.0 = Debug|Any CPU
		{4DB2D4AC-2B91-AA3A-BC89-043EF9594357}.Release|Any CPU.ActiveCfg = Release|Any CPU
		{4DB2D4AC-2B91-AA3A-BC89-043EF9594357}.Release|Any CPU.Build.0 = Release|Any CPU
		{A8F0377D-37B2-9FA1-3241-765B21EF159A}.Debug|Any CPU.ActiveCfg = Debug|Any CPU
		{A8F0377D-37B2-9FA1-3241-765B21EF159A}.Debug|Any CPU.Build.0 = Debug|Any CPU
		{A8F0377D-37B2-9FA1-3241-765B21EF159A}.Release|Any CPU.ActiveCfg = Release|Any CPU
		{A8F0377D-37B2-9FA1-3241-765B21EF159A}.Release|Any CPU.Build.0 = Release|Any CPU
	EndGlobalSection
	GlobalSection(SolutionProperties) = preSolution
		HideSolutionNode = FALSE
	EndGlobalSection
																																																																	GlobalSection(MonoDevelopProperties) = preSolution
		StartupItem = Assembly-CSharp.csproj
		Policies = $0
		$0.TextStylePolicy = $1
		$1.inheritsSet = null
		$1.scope = text/x-csharp
		$0.CSharpFormattingPolicy = $2
		$2.inheritsSet = Mono
		$2.inheritsScope = text/x-csharp
		$2.scope = text/x-csharp
		$0.TextStylePolicy = $3
		$3.FileWidth = 120
		$3.TabWidth = 4
		$3.EolMarker = Unix
		$3.inheritsSet = Mono
		$3.inheritsScope = text/plain
		$3.scope = text/plain
	EndGlobalSection

EndGlobal
